// !$*UTF8*$!
{
	archiveVersion = 1;
	classes = {
	};
	objectVersion = 46;
	objects = {

/* Begin PBXBuildFile section */
		3F5B6016181102C200D7ED8F /* Foundation.framework in Frameworks */ = {isa = PBXBuildFile; fileRef = 3F5B6015181102C200D7ED8F /* Foundation.framework */; };
		3F5B6018181102C200D7ED8F /* CoreGraphics.framework in Frameworks */ = {isa = PBXBuildFile; fileRef = 3F5B6017181102C200D7ED8F /* CoreGraphics.framework */; };
		3F5B601A181102C200D7ED8F /* UIKit.framework in Frameworks */ = {isa = PBXBuildFile; fileRef = 3F5B6019181102C200D7ED8F /* UIKit.framework */; };
		3F5B6020181102C200D7ED8F /* InfoPlist.strings in Resources */ = {isa = PBXBuildFile; fileRef = 3F5B601E181102C200D7ED8F /* InfoPlist.strings */; };
		3F5B6022181102C200D7ED8F /* main.m in Sources */ = {isa = PBXBuildFile; fileRef = 3F5B6021181102C200D7ED8F /* main.m */; };
		3F5B6026181102C200D7ED8F /* AppDelegate.m in Sources */ = {isa = PBXBuildFile; fileRef = 3F5B6025181102C200D7ED8F /* AppDelegate.m */; };
		3F5B6029181102C200D7ED8F /* Main.storyboard in Resources */ = {isa = PBXBuildFile; fileRef = 3F5B6027181102C200D7ED8F /* Main.storyboard */; };
		3F5B602C181102C200D7ED8F /* ViewController.m in Sources */ = {isa = PBXBuildFile; fileRef = 3F5B602B181102C200D7ED8F /* ViewController.m */; };
		3F5B602E181102C200D7ED8F /* Images.xcassets in Resources */ = {isa = PBXBuildFile; fileRef = 3F5B602D181102C200D7ED8F /* Images.xcassets */; };
		3F5B6035181102C200D7ED8F /* XCTest.framework in Frameworks */ = {isa = PBXBuildFile; fileRef = 3F5B6034181102C200D7ED8F /* XCTest.framework */; };
		3F5B6036181102C200D7ED8F /* Foundation.framework in Frameworks */ = {isa = PBXBuildFile; fileRef = 3F5B6015181102C200D7ED8F /* Foundation.framework */; };
		3F5B6037181102C200D7ED8F /* UIKit.framework in Frameworks */ = {isa = PBXBuildFile; fileRef = 3F5B6019181102C200D7ED8F /* UIKit.framework */; };
		3F5B603F181102C200D7ED8F /* InfoPlist.strings in Resources */ = {isa = PBXBuildFile; fileRef = 3F5B603D181102C200D7ED8F /* InfoPlist.strings */; };
		3F5B6041181102C200D7ED8F /* rottentomatoesTests.m in Sources */ = {isa = PBXBuildFile; fileRef = 3F5B6040181102C200D7ED8F /* rottentomatoesTests.m */; };
/* End PBXBuildFile section */

/* Begin PBXContainerItemProxy section */
		3F5B6038181102C200D7ED8F /* PBXContainerItemProxy */ = {
			isa = PBXContainerItemProxy;
			containerPortal = 3F5B600A181102C200D7ED8F /* Project object */;
			proxyType = 1;
			remoteGlobalIDString = 3F5B6011181102C200D7ED8F;
			remoteInfo = rottentomatoes;
		};
/* End PBXContainerItemProxy section */

/* Begin PBXFileReference section */
		3F5B6012181102C200D7ED8F /* rottentomatoes.app */ = {isa = PBXFileReference; explicitFileType = wrapper.application; includeInIndex = 0; path = rottentomatoes.app; sourceTree = BUILT_PRODUCTS_DIR; };
		3F5B6015181102C200D7ED8F /* Foundation.framework */ = {isa = PBXFileReference; lastKnownFileType = wrapper.framework; name = Foundation.framework; path = System/Library/Frameworks/Foundation.framework; sourceTree = SDKROOT; };
		3F5B6017181102C200D7ED8F /* CoreGraphics.framework */ = {isa = PBXFileReference; lastKnownFileType = wrapper.framework; name = CoreGraphics.framework; path = System/Library/Frameworks/CoreGraphics.framework; sourceTree = SDKROOT; };
		3F5B6019181102C200D7ED8F /* UIKit.framework */ = {isa = PBXFileReference; lastKnownFileType = wrapper.framework; name = UIKit.framework; path = System/Library/Frameworks/UIKit.framework; sourceTree = SDKROOT; };
		3F5B601D181102C200D7ED8F /* rottentomatoes-Info.plist */ = {isa = PBXFileReference; lastKnownFileType = text.plist.xml; path = "rottentomatoes-Info.plist"; sourceTree = "<group>"; };
		3F5B601F181102C200D7ED8F /* en */ = {isa = PBXFileReference; lastKnownFileType = text.plist.strings; name = en; path = en.lproj/InfoPlist.strings; sourceTree = "<group>"; };
		3F5B6021181102C200D7ED8F /* main.m */ = {isa = PBXFileReference; lastKnownFileType = sourcecode.c.objc; path = main.m; sourceTree = "<group>"; };
		3F5B6023181102C200D7ED8F /* rottentomatoes-Prefix.pch */ = {isa = PBXFileReference; lastKnownFileType = sourcecode.c.h; path = "rottentomatoes-Prefix.pch"; sourceTree = "<group>"; };
		3F5B6024181102C200D7ED8F /* AppDelegate.h */ = {isa = PBXFileReference; lastKnownFileType = sourcecode.c.h; path = AppDelegate.h; sourceTree = "<group>"; };
		3F5B6025181102C200D7ED8F /* AppDelegate.m */ = {isa = PBXFileReference; lastKnownFileType = sourcecode.c.objc; path = AppDelegate.m; sourceTree = "<group>"; };
		3F5B6028181102C200D7ED8F /* Base */ = {isa = PBXFileReference; lastKnownFileType = file.storyboard; name = Base; path = Base.lproj/Main.storyboard; sourceTree = "<group>"; };
		3F5B602A181102C200D7ED8F /* ViewController.h */ = {isa = PBXFileReference; lastKnownFileType = sourcecode.c.h; path = ViewController.h; sourceTree = "<group>"; };
		3F5B602B181102C200D7ED8F /* ViewController.m */ = {isa = PBXFileReference; lastKnownFileType = sourcecode.c.objc; path = ViewController.m; sourceTree = "<group>"; };
		3F5B602D181102C200D7ED8F /* Images.xcassets */ = {isa = PBXFileReference; lastKnownFileType = folder.assetcatalog; path = Images.xcassets; sourceTree = "<group>"; };
		3F5B6033181102C200D7ED8F /* rottentomatoesTests.xctest */ = {isa = PBXFileReference; explicitFileType = wrapper.cfbundle; includeInIndex = 0; path = rottentomatoesTests.xctest; sourceTree = BUILT_PRODUCTS_DIR; };
		3F5B6034181102C200D7ED8F /* XCTest.framework */ = {isa = PBXFileReference; lastKnownFileType = wrapper.framework; name = XCTest.framework; path = Library/Frameworks/XCTest.framework; sourceTree = DEVELOPER_DIR; };
		3F5B603C181102C200D7ED8F /* rottentomatoesTests-Info.plist */ = {isa = PBXFileReference; lastKnownFileType = text.plist.xml; path = "rottentomatoesTests-Info.plist"; sourceTree = "<group>"; };
		3F5B603E181102C200D7ED8F /* en */ = {isa = PBXFileReference; lastKnownFileType = text.plist.strings; name = en; path = en.lproj/InfoPlist.strings; sourceTree = "<group>"; };
		3F5B6040181102C200D7ED8F /* rottentomatoesTests.m */ = {isa = PBXFileReference; lastKnownFileType = sourcecode.c.objc; path = rottentomatoesTests.m; sourceTree = "<group>"; };
/* End PBXFileReference section */

/* Begin PBXFrameworksBuildPhase section */
		3F5B600F181102C200D7ED8F /* Frameworks */ = {
			isa = PBXFrameworksBuildPhase;
			buildActionMask = 2147483647;
			files = (
				3F5B6018181102C200D7ED8F /* CoreGraphics.framework in Frameworks */,
				3F5B601A181102C200D7ED8F /* UIKit.framework in Frameworks */,
				3F5B6016181102C200D7ED8F /* Foundation.framework in Frameworks */,
			);
			runOnlyForDeploymentPostprocessing = 0;
		};
		3F5B6030181102C200D7ED8F /* Frameworks */ = {
			isa = PBXFrameworksBuildPhase;
			buildActionMask = 2147483647;
			files = (
				3F5B6035181102C200D7ED8F /* XCTest.framework in Frameworks */,
				3F5B6037181102C200D7ED8F /* UIKit.framework in Frameworks */,
				3F5B6036181102C200D7ED8F /* Foundation.framework in Frameworks */,
			);
			runOnlyForDeploymentPostprocessing = 0;
		};
/* End PBXFrameworksBuildPhase section */

/* Begin PBXGroup section */
		3F5B6009181102C200D7ED8F = {
			isa = PBXGroup;
			children = (
				3F5B601B181102C200D7ED8F /* rottentomatoes */,
				3F5B603A181102C200D7ED8F /* rottentomatoesTests */,
				3F5B6014181102C200D7ED8F /* Frameworks */,
				3F5B6013181102C200D7ED8F /* Products */,
			);
			sourceTree = "<group>";
		};
		3F5B6013181102C200D7ED8F /* Products */ = {
			isa = PBXGroup;
			children = (
				3F5B6012181102C200D7ED8F /* rottentomatoes.app */,
				3F5B6033181102C200D7ED8F /* rottentomatoesTests.xctest */,
			);
			name = Products;
			sourceTree = "<group>";
		};
		3F5B6014181102C200D7ED8F /* Frameworks */ = {
			isa = PBXGroup;
			children = (
				3F5B6015181102C200D7ED8F /* Foundation.framework */,
				3F5B6017181102C200D7ED8F /* CoreGraphics.framework */,
				3F5B6019181102C200D7ED8F /* UIKit.framework */,
				3F5B6034181102C200D7ED8F /* XCTest.framework */,
			);
			name = Frameworks;
			sourceTree = "<group>";
		};
		3F5B601B181102C200D7ED8F /* rottentomatoes */ = {
			isa = PBXGroup;
			children = (
				3F5B6024181102C200D7ED8F /* AppDelegate.h */,
				3F5B6025181102C200D7ED8F /* AppDelegate.m */,
				3F5B6027181102C200D7ED8F /* Main.storyboard */,
				3F5B602A181102C200D7ED8F /* ViewController.h */,
				3F5B602B181102C200D7ED8F /* ViewController.m */,
				3F5B602D181102C200D7ED8F /* Images.xcassets */,
				3F5B601C181102C200D7ED8F /* Supporting Files */,
			);
			path = rottentomatoes;
			sourceTree = "<group>";
		};
		3F5B601C181102C200D7ED8F /* Supporting Files */ = {
			isa = PBXGroup;
			children = (
				3F5B601D181102C200D7ED8F /* rottentomatoes-Info.plist */,
				3F5B601E181102C200D7ED8F /* InfoPlist.strings */,
				3F5B6021181102C200D7ED8F /* main.m */,
				3F5B6023181102C200D7ED8F /* rottentomatoes-Prefix.pch */,
			);
			name = "Supporting Files";
			sourceTree = "<group>";
		};
		3F5B603A181102C200D7ED8F /* rottentomatoesTests */ = {
			isa = PBXGroup;
			children = (
				3F5B6040181102C200D7ED8F /* rottentomatoesTests.m */,
				3F5B603B181102C200D7ED8F /* Supporting Files */,
			);
			path = rottentomatoesTests;
			sourceTree = "<group>";
		};
		3F5B603B181102C200D7ED8F /* Supporting Files */ = {
			isa = PBXGroup;
			children = (
				3F5B603C181102C200D7ED8F /* rottentomatoesTests-Info.plist */,
				3F5B603D181102C200D7ED8F /* InfoPlist.strings */,
			);
			name = "Supporting Files";
			sourceTree = "<group>";
		};
/* End PBXGroup section */

/* Begin PBXNativeTarget section */
		3F5B6011181102C200D7ED8F /* rottentomatoes */ = {
			isa = PBXNativeTarget;
			buildConfigurationList = 3F5B6044181102C200D7ED8F /* Build configuration list for PBXNativeTarget "rottentomatoes" */;
			buildPhases = (
				3F5B600E181102C200D7ED8F /* Sources */,
				3F5B600F181102C200D7ED8F /* Frameworks */,
				3F5B6010181102C200D7ED8F /* Resources */,
			);
			buildRules = (
			);
			dependencies = (
			);
			name = rottentomatoes;
			productName = rottentomatoes;
			productReference = 3F5B6012181102C200D7ED8F /* rottentomatoes.app */;
			productType = "com.apple.product-type.application";
		};
		3F5B6032181102C200D7ED8F /* rottentomatoesTests */ = {
			isa = PBXNativeTarget;
			buildConfigurationList = 3F5B6047181102C200D7ED8F /* Build configuration list for PBXNativeTarget "rottentomatoesTests" */;
			buildPhases = (
				3F5B602F181102C200D7ED8F /* Sources */,
				3F5B6030181102C200D7ED8F /* Frameworks */,
				3F5B6031181102C200D7ED8F /* Resources */,
			);
			buildRules = (
			);
			dependencies = (
				3F5B6039181102C200D7ED8F /* PBXTargetDependency */,
			);
			name = rottentomatoesTests;
			productName = rottentomatoesTests;
			productReference = 3F5B6033181102C200D7ED8F /* rottentomatoesTests.xctest */;
			productType = "com.apple.product-type.bundle.unit-test";
		};
/* End PBXNativeTarget section */

/* Begin PBXProject section */
		3F5B600A181102C200D7ED8F /* Project object */ = {
			isa = PBXProject;
			attributes = {
				LastUpgradeCheck = 0500;
				ORGANIZATIONNAME = "Jeremy Reyes";
				TargetAttributes = {
					3F5B6032181102C200D7ED8F = {
						TestTargetID = 3F5B6011181102C200D7ED8F;
					};
				};
			};
			buildConfigurationList = 3F5B600D181102C200D7ED8F /* Build configuration list for PBXProject "rottentomatoes" */;
			compatibilityVersion = "Xcode 3.2";
			developmentRegion = English;
			hasScannedForEncodings = 0;
			knownRegions = (
				en,
				Base,
			);
			mainGroup = 3F5B6009181102C200D7ED8F;
			productRefGroup = 3F5B6013181102C200D7ED8F /* Products */;
			projectDirPath = "";
			projectRoot = "";
			targets = (
				3F5B6011181102C200D7ED8F /* rottentomatoes */,
				3F5B6032181102C200D7ED8F /* rottentomatoesTests */,
			);
		};
/* End PBXProject section */

/* Begin PBXResourcesBuildPhase section */
		3F5B6010181102C200D7ED8F /* Resources */ = {
			isa = PBXResourcesBuildPhase;
			buildActionMask = 2147483647;
			files = (
				3F5B602E181102C200D7ED8F /* Images.xcassets in Resources */,
				3F5B6020181102C200D7ED8F /* InfoPlist.strings in Resources */,
				3F5B6029181102C200D7ED8F /* Main.storyboard in Resources */,
			);
			runOnlyForDeploymentPostprocessing = 0;
		};
		3F5B6031181102C200D7ED8F /* Resources */ = {
			isa = PBXResourcesBuildPhase;
			buildActionMask = 2147483647;
			files = (
				3F5B603F181102C200D7ED8F /* InfoPlist.strings in Resources */,
			);
			runOnlyForDeploymentPostprocessing = 0;
		};
/* End PBXResourcesBuildPhase section */

/* Begin PBXSourcesBuildPhase section */
		3F5B600E181102C200D7ED8F /* Sources */ = {
			isa = PBXSourcesBuildPhase;
			buildActionMask = 2147483647;
			files = (
				3F5B602C181102C200D7ED8F /* ViewController.m in Sources */,
				3F5B6026181102C200D7ED8F /* AppDelegate.m in Sources */,
				3F5B6022181102C200D7ED8F /* main.m in Sources */,
			);
			runOnlyForDeploymentPostprocessing = 0;
		};
		3F5B602F181102C200D7ED8F /* Sources */ = {
			isa = PBXSourcesBuildPhase;
			buildActionMask = 2147483647;
			files = (
				3F5B6041181102C200D7ED8F /* rottentomatoesTests.m in Sources */,
			);
			runOnlyForDeploymentPostprocessing = 0;
		};
/* End PBXSourcesBuildPhase section */

/* Begin PBXTargetDependency section */
		3F5B6039181102C200D7ED8F /* PBXTargetDependency */ = {
			isa = PBXTargetDependency;
			target = 3F5B6011181102C200D7ED8F /* rottentomatoes */;
			targetProxy = 3F5B6038181102C200D7ED8F /* PBXContainerItemProxy */;
		};
/* End PBXTargetDependency section */

/* Begin PBXVariantGroup section */
		3F5B601E181102C200D7ED8F /* InfoPlist.strings */ = {
			isa = PBXVariantGroup;
			children = (
				3F5B601F181102C200D7ED8F /* en */,
			);
			name = InfoPlist.strings;
			sourceTree = "<group>";
		};
		3F5B6027181102C200D7ED8F /* Main.storyboard */ = {
			isa = PBXVariantGroup;
			children = (
				3F5B6028181102C200D7ED8F /* Base */,
			);
			name = Main.storyboard;
			sourceTree = "<group>";
		};
		3F5B603D181102C200D7ED8F /* InfoPlist.strings */ = {
			isa = PBXVariantGroup;
			children = (
				3F5B603E181102C200D7ED8F /* en */,
			);
			name = InfoPlist.strings;
			sourceTree = "<group>";
		};
/* End PBXVariantGroup section */

/* Begin XCBuildConfiguration section */
		3F5B6042181102C200D7ED8F /* Debug */ = {
			isa = XCBuildConfiguration;
			buildSettings = {
				ALWAYS_SEARCH_USER_PATHS = NO;
				ARCHS = "$(ARCHS_STANDARD_INCLUDING_64_BIT)";
				CLANG_CXX_LANGUAGE_STANDARD = "gnu++0x";
				CLANG_CXX_LIBRARY = "libc++";
				CLANG_ENABLE_MODULES = YES;
				CLANG_ENABLE_OBJC_ARC = YES;
				CLANG_WARN_BOOL_CONVERSION = YES;
				CLANG_WARN_CONSTANT_CONVERSION = YES;
				CLANG_WARN_DIRECT_OBJC_ISA_USAGE = YES_ERROR;
				CLANG_WARN_EMPTY_BODY = YES;
				CLANG_WARN_ENUM_CONVERSION = YES;
				CLANG_WARN_INT_CONVERSION = YES;
				CLANG_WARN_OBJC_ROOT_CLASS = YES_ERROR;
				CLANG_WARN__DUPLICATE_METHOD_MATCH = YES;
				"CODE_SIGN_IDENTITY[sdk=iphoneos*]" = "iPhone Developer";
				COPY_PHASE_STRIP = NO;
				GCC_C_LANGUAGE_STANDARD = gnu99;
				GCC_DYNAMIC_NO_PIC = NO;
				GCC_OPTIMIZATION_LEVEL = 0;
				GCC_PREPROCESSOR_DEFINITIONS = (
					"DEBUG=1",
					"$(inherited)",
				);
				GCC_SYMBOLS_PRIVATE_EXTERN = NO;
				GCC_WARN_64_TO_32_BIT_CONVERSION = YES;
				GCC_WARN_ABOUT_RETURN_TYPE = YES_ERROR;
				GCC_WARN_UNDECLARED_SELECTOR = YES;
				GCC_WARN_UNINITIALIZED_AUTOS = YES;
				GCC_WARN_UNUSED_FUNCTION = YES;
				GCC_WARN_UNUSED_VARIABLE = YES;
				IPHONEOS_DEPLOYMENT_TARGET = 7.0;
				ONLY_ACTIVE_ARCH = YES;
				SDKROOT = iphoneos;
			};
			name = Debug;
		};
		3F5B6043181102C200D7ED8F /* Release */ = {
			isa = XCBuildConfiguration;
			buildSettings = {
				ALWAYS_SEARCH_USER_PATHS = NO;
				ARCHS = "$(ARCHS_STANDARD_INCLUDING_64_BIT)";
				CLANG_CXX_LANGUAGE_STANDARD = "gnu++0x";
				CLANG_CXX_LIBRARY = "libc++";
				CLANG_ENABLE_MODULES = YES;
				CLANG_ENABLE_OBJC_ARC = YES;
				CLANG_WARN_BOOL_CONVERSION = YES;
				CLANG_WARN_CONSTANT_CONVERSION = YES;
				CLANG_WARN_DIRECT_OBJC_ISA_USAGE = YES_ERROR;
				CLANG_WARN_EMPTY_BODY = YES;
				CLANG_WARN_ENUM_CONVERSION = YES;
				CLANG_WARN_INT_CONVERSION = YES;
				CLANG_WARN_OBJC_ROOT_CLASS = YES_ERROR;
				CLANG_WARN__DUPLICATE_METHOD_MATCH = YES;
				"CODE_SIGN_IDENTITY[sdk=iphoneos*]" = "iPhone Developer";
				COPY_PHASE_STRIP = YES;
				ENABLE_NS_ASSERTIONS = NO;
				GCC_C_LANGUAGE_STANDARD = gnu99;
				GCC_WARN_64_TO_32_BIT_CONVERSION = YES;
				GCC_WARN_ABOUT_RETURN_TYPE = YES_ERROR;
				GCC_WARN_UNDECLARED_SELECTOR = YES;
				GCC_WARN_UNINITIALIZED_AUTOS = YES;
				GCC_WARN_UNUSED_FUNCTION = YES;
				GCC_WARN_UNUSED_VARIABLE = YES;
				IPHONEOS_DEPLOYMENT_TARGET = 7.0;
				SDKROOT = iphoneos;
				VALIDATE_PRODUCT = YES;
			};
			name = Release;
		};
		3F5B6045181102C200D7ED8F /* Debug */ = {
			isa = XCBuildConfiguration;
			buildSettings = {
				ASSETCATALOG_COMPILER_APPICON_NAME = AppIcon;
				ASSETCATALOG_COMPILER_LAUNCHIMAGE_NAME = LaunchImage;
				GCC_PRECOMPILE_PREFIX_HEADER = YES;
				GCC_PREFIX_HEADER = "rottentomatoes/rottentomatoes-Prefix.pch";
				INFOPLIST_FILE = "rottentomatoes/rottentomatoes-Info.plist";
				PRODUCT_NAME = "$(TARGET_NAME)";
				WRAPPER_EXTENSION = app;
			};
			name = Debug;
		};
		3F5B6046181102C200D7ED8F /* Release */ = {
			isa = XCBuildConfiguration;
			buildSettings = {
				ASSETCATALOG_COMPILER_APPICON_NAME = AppIcon;
				ASSETCATALOG_COMPILER_LAUNCHIMAGE_NAME = LaunchImage;
				GCC_PRECOMPILE_PREFIX_HEADER = YES;
				GCC_PREFIX_HEADER = "rottentomatoes/rottentomatoes-Prefix.pch";
				INFOPLIST_FILE = "rottentomatoes/rottentomatoes-Info.plist";
				PRODUCT_NAME = "$(TARGET_NAME)";
				WRAPPER_EXTENSION = app;
			};
			name = Release;
		};
		3F5B6048181102C200D7ED8F /* Debug */ = {
			isa = XCBuildConfiguration;
			buildSettings = {
				ARCHS = "$(ARCHS_STANDARD_INCLUDING_64_BIT)";
				BUNDLE_LOADER = "$(BUILT_PRODUCTS_DIR)/rottentomatoes.app/rottentomatoes";
				FRAMEWORK_SEARCH_PATHS = (
					"$(SDKROOT)/Developer/Library/Frameworks",
					"$(inherited)",
					"$(DEVELOPER_FRAMEWORKS_DIR)",
				);
				GCC_PRECOMPILE_PREFIX_HEADER = YES;
				GCC_PREFIX_HEADER = "rottentomatoes/rottentomatoes-Prefix.pch";
				GCC_PREPROCESSOR_DEFINITIONS = (
					"DEBUG=1",
					"$(inherited)",
				);
				INFOPLIST_FILE = "rottentomatoesTests/rottentomatoesTests-Info.plist";
				PRODUCT_NAME = "$(TARGET_NAME)";
				TEST_HOST = "$(BUNDLE_LOADER)";
				WRAPPER_EXTENSION = xctest;
			};
			name = Debug;
		};
		3F5B6049181102C200D7ED8F /* Release */ = {
			isa = XCBuildConfiguration;
			buildSettings = {
				ARCHS = "$(ARCHS_STANDARD_INCLUDING_64_BIT)";
				BUNDLE_LOADER = "$(BUILT_PRODUCTS_DIR)/rottentomatoes.app/rottentomatoes";
				FRAMEWORK_SEARCH_PATHS = (
					"$(SDKROOT)/Developer/Library/Frameworks",
					"$(inherited)",
					"$(DEVELOPER_FRAMEWORKS_DIR)",
				);
				GCC_PRECOMPILE_PREFIX_HEADER = YES;
				GCC_PREFIX_HEADER = "rottentomatoes/rottentomatoes-Prefix.pch";
				INFOPLIST_FILE = "rottentomatoesTests/rottentomatoesTests-Info.plist";
				PRODUCT_NAME = "$(TARGET_NAME)";
				TEST_HOST = "$(BUNDLE_LOADER)";
				WRAPPER_EXTENSION = xctest;
			};
			name = Release;
		};
/* End XCBuildConfiguration section */

/* Begin XCConfigurationList section */
		3F5B600D181102C200D7ED8F /* Build configuration list for PBXProject "rottentomatoes" */ = {
			isa = XCConfigurationList;
			buildConfigurations = (
				3F5B6042181102C200D7ED8F /* Debug */,
				3F5B6043181102C200D7ED8F /* Release */,
			);
			defaultConfigurationIsVisible = 0;
			defaultConfigurationName = Release;
		};
		3F5B6044181102C200D7ED8F /* Build configuration list for PBXNativeTarget "rottentomatoes" */ = {
			isa = XCConfigurationList;
			buildConfigurations = (
				3F5B6045181102C200D7ED8F /* Debug */,
				3F5B6046181102C200D7ED8F /* Release */,
			);
			defaultConfigurationIsVisible = 0;
		};
		3F5B6047181102C200D7ED8F /* Build configuration list for PBXNativeTarget "rottentomatoesTests" */ = {
			isa = XCConfigurationList;
			buildConfigurations = (
				3F5B6048181102C200D7ED8F /* Debug */,
				3F5B6049181102C200D7ED8F /* Release */,
			);
			defaultConfigurationIsVisible = 0;
		};
/* End XCConfigurationList section */
	};
	rootObject = 3F5B600A181102C200D7ED8F /* Project object */;
}
